Microsoft Visual Studio Solution File, Format Version 12.00
# Visual Studio 2012
Project("{FAE04EC0-301F-11D3-BF4B-00C04F79EFBC}") = "Platfroms 2 . 0", "Platfroms 2 . 0.csproj", "{BE501D65-4748-41CC-924D-7EA0B3D51BA8}"
EndProject
Global
	GlobalSection(SolutionConfigurationPlatforms) = preSolution
	Debug|Any CPU = Debug|Any CPU
	ExportDebug|Any CPU = ExportDebug|Any CPU
	ExportRelease|Any CPU = ExportRelease|Any CPU
	EndGlobalSection
	GlobalSection(ProjectConfigurationPlatforms) = postSolution
		{BE501D65-4748-41CC-924D-7EA0B3D51BA8}.Debug|Any CPU.ActiveCfg = Debug|Any CPU
		{BE501D65-4748-41CC-924D-7EA0B3D51BA8}.Debug|Any CPU.Build.0 = Debug|Any CPU
		{BE501D65-4748-41CC-924D-7EA0B3D51BA8}.ExportDebug|Any CPU.ActiveCfg = ExportDebug|Any CPU
		{BE501D65-4748-41CC-924D-7EA0B3D51BA8}.ExportDebug|Any CPU.Build.0 = ExportDebug|Any CPU
		{BE501D65-4748-41CC-924D-7EA0B3D51BA8}.ExportRelease|Any CPU.ActiveCfg = ExportRelease|Any CPU
		{BE501D65-4748-41CC-924D-7EA0B3D51BA8}.ExportRelease|Any CPU.Build.0 = ExportRelease|Any CPU
	EndGlobalSection
EndGlobal
